// !$*UTF8*$!
{
	archiveVersion = 1;
	classes = {
	};
	objectVersion = 50;
	objects = {

/* Begin PBXBuildFile section */
		99355B172392BF9000B37970 /* AppDelegate.swift in Sources */ = {isa = PBXBuildFile; fileRef = 99355B162392BF9000B37970 /* AppDelegate.swift */; };
		99355B192392BF9000B37970 /* SceneDelegate.swift in Sources */ = {isa = PBXBuildFile; fileRef = 99355B182392BF9000B37970 /* SceneDelegate.swift */; };
		99355B1B2392BF9000B37970 /* ContentView.swift in Sources */ = {isa = PBXBuildFile; fileRef = 99355B1A2392BF9000B37970 /* ContentView.swift */; };
		99355B1D2392BF9200B37970 /* Assets.xcassets in Resources */ = {isa = PBXBuildFile; fileRef = 99355B1C2392BF9200B37970 /* Assets.xcassets */; };
		99355B202392BF9200B37970 /* Preview Assets.xcassets in Resources */ = {isa = PBXBuildFile; fileRef = 99355B1F2392BF9200B37970 /* Preview Assets.xcassets */; };
		99355B232392BF9200B37970 /* LaunchScreen.storyboard in Resources */ = {isa = PBXBuildFile; fileRef = 99355B212392BF9200B37970 /* LaunchScreen.storyboard */; };
		99355B2E2392BF9200B37970 /* ifoodTests.swift in Sources */ = {isa = PBXBuildFile; fileRef = 99355B2D2392BF9200B37970 /* ifoodTests.swift */; };
		99355B392392BF9200B37970 /* ifoodUITests.swift in Sources */ = {isa = PBXBuildFile; fileRef = 99355B382392BF9200B37970 /* ifoodUITests.swift */; };
/* End PBXBuildFile section */

/* Begin PBXContainerItemProxy section */
		99355B2A2392BF9200B37970 /* PBXContainerItemProxy */ = {
			isa = PBXContainerItemProxy;
			containerPortal = 99355B0B2392BF9000B37970 /* Project object */;
			proxyType = 1;
			remoteGlobalIDString = 99355B122392BF9000B37970;
			remoteInfo = ifood;
		};
		99355B352392BF9200B37970 /* PBXContainerItemProxy */ = {
			isa = PBXContainerItemProxy;
			containerPortal = 99355B0B2392BF9000B37970 /* Project object */;
			proxyType = 1;
			remoteGlobalIDString = 99355B122392BF9000B37970;
			remoteInfo = ifood;
		};
/* End PBXContainerItemProxy section */

/* Begin PBXFileReference section */
		99355B132392BF9000B37970 /* ifood.app */ = {isa = PBXFileReference; explicitFileType = wrapper.application; includeInIndex = 0; path = ifood.app; sourceTree = BUILT_PRODUCTS_DIR; };
		99355B162392BF9000B37970 /* AppDelegate.swift */ = {isa = PBXFileReference; lastKnownFileType = sourcecode.swift; path = AppDelegate.swift; sourceTree = "<group>"; };
		99355B182392BF9000B37970 /* SceneDelegate.swift */ = {isa = PBXFileReference; lastKnownFileType = sourcecode.swift; path = SceneDelegate.swift; sourceTree = "<group>"; };
		99355B1A2392BF9000B37970 /* ContentView.swift */ = {isa = PBXFileReference; lastKnownFileType = sourcecode.swift; path = ContentView.swift; sourceTree = "<group>"; };
		99355B1C2392BF9200B37970 /* Assets.xcassets */ = {isa = PBXFileReference; lastKnownFileType = folder.assetcatalog; path = Assets.xcassets; sourceTree = "<group>"; };
		99355B1F2392BF9200B37970 /* Preview Assets.xcassets */ = {isa = PBXFileReference; lastKnownFileType = folder.assetcatalog; path = "Preview Assets.xcassets"; sourceTree = "<group>"; };
		99355B222392BF9200B37970 /* Base */ = {isa = PBXFileReference; lastKnownFileType = file.storyboard; name = Base; path = Base.lproj/LaunchScreen.storyboard; sourceTree = "<group>"; };
		99355B242392BF9200B37970 /* Info.plist */ = {isa = PBXFileReference; lastKnownFileType = text.plist.xml; path = Info.plist; sourceTree = "<group>"; };
		99355B292392BF9200B37970 /* ifoodTests.xctest */ = {isa = PBXFileReference; explicitFileType = wrapper.cfbundle; includeInIndex = 0; path = ifoodTests.xctest; sourceTree = BUILT_PRODUCTS_DIR; };
		99355B2D2392BF9200B37970 /* ifoodTests.swift */ = {isa = PBXFileReference; lastKnownFileType = sourcecode.swift; path = ifoodTests.swift; sourceTree = "<group>"; };
		99355B2F2392BF9200B37970 /* Info.plist */ = {isa = PBXFileReference; lastKnownFileType = text.plist.xml; path = Info.plist; sourceTree = "<group>"; };
		99355B342392BF9200B37970 /* ifoodUITests.xctest */ = {isa = PBXFileReference; explicitFileType = wrapper.cfbundle; includeInIndex = 0; path = ifoodUITests.xctest; sourceTree = BUILT_PRODUCTS_DIR; };
		99355B382392BF9200B37970 /* ifoodUITests.swift */ = {isa = PBXFileReference; lastKnownFileType = sourcecode.swift; path = ifoodUITests.swift; sourceTree = "<group>"; };
		99355B3A2392BF9200B37970 /* Info.plist */ = {isa = PBXFileReference; lastKnownFileType = text.plist.xml; path = Info.plist; sourceTree = "<group>"; };
/* End PBXFileReference section */

/* Begin PBXFrameworksBuildPhase section */
		99355B102392BF9000B37970 /* Frameworks */ = {
			isa = PBXFrameworksBuildPhase;
			buildActionMask = 2147483647;
			files = (
			);
			runOnlyForDeploymentPostprocessing = 0;
		};
		99355B262392BF9200B37970 /* Frameworks */ = {
			isa = PBXFrameworksBuildPhase;
			buildActionMask = 2147483647;
			files = (
			);
			runOnlyForDeploymentPostprocessing = 0;
		};
		99355B312392BF9200B37970 /* Frameworks */ = {
			isa = PBXFrameworksBuildPhase;
			buildActionMask = 2147483647;
			files = (
			);
			runOnlyForDeploymentPostprocessing = 0;
		};
/* End PBXFrameworksBuildPhase section */

/* Begin PBXGroup section */
		99355B0A2392BF9000B37970 = {
			isa = PBXGroup;
			children = (
				99355B152392BF9000B37970 /* ifood */,
				99355B2C2392BF9200B37970 /* ifoodTests */,
				99355B372392BF9200B37970 /* ifoodUITests */,
				99355B142392BF9000B37970 /* Products */,
			);
			sourceTree = "<group>";
		};
		99355B142392BF9000B37970 /* Products */ = {
			isa = PBXGroup;
			children = (
				99355B132392BF9000B37970 /* ifood.app */,
				99355B292392BF9200B37970 /* ifoodTests.xctest */,
				99355B342392BF9200B37970 /* ifoodUITests.xctest */,
			);
			name = Products;
			sourceTree = "<group>";
		};
		99355B152392BF9000B37970 /* ifood */ = {
			isa = PBXGroup;
			children = (
				99355B162392BF9000B37970 /* AppDelegate.swift */,
				99355B182392BF9000B37970 /* SceneDelegate.swift */,
				99355B1A2392BF9000B37970 /* ContentView.swift */,
				99355B1C2392BF9200B37970 /* Assets.xcassets */,
				99355B212392BF9200B37970 /* LaunchScreen.storyboard */,
				99355B242392BF9200B37970 /* Info.plist */,
				99355B1E2392BF9200B37970 /* Preview Content */,
			);
			path = ifood;
			sourceTree = "<group>";
		};
		99355B1E2392BF9200B37970 /* Preview Content */ = {
			isa = PBXGroup;
			children = (
				99355B1F2392BF9200B37970 /* Preview Assets.xcassets */,
			);
			path = "Preview Content";
			sourceTree = "<group>";
		};
		99355B2C2392BF9200B37970 /* ifoodTests */ = {
			isa = PBXGroup;
			children = (
				99355B2D2392BF9200B37970 /* ifoodTests.swift */,
				99355B2F2392BF9200B37970 /* Info.plist */,
			);
			path = ifoodTests;
			sourceTree = "<group>";
		};
		99355B372392BF9200B37970 /* ifoodUITests */ = {
			isa = PBXGroup;
			children = (
				99355B382392BF9200B37970 /* ifoodUITests.swift */,
				99355B3A2392BF9200B37970 /* Info.plist */,
			);
			path = ifoodUITests;
			sourceTree = "<group>";
		};
/* End PBXGroup section */

/* Begin PBXNativeTarget section */
		99355B122392BF9000B37970 /* ifood */ = {
			isa = PBXNativeTarget;
			buildConfigurationList = 99355B3D2392BF9200B37970 /* Build configuration list for PBXNativeTarget "ifood" */;
			buildPhases = (
				99355B0F2392BF9000B37970 /* Sources */,
				99355B102392BF9000B37970 /* Frameworks */,
				99355B112392BF9000B37970 /* Resources */,
			);
			buildRules = (
			);
			dependencies = (
			);
			name = ifood;
			productName = ifood;
			productReference = 99355B132392BF9000B37970 /* ifood.app */;
			productType = "com.apple.product-type.application";
		};
		99355B282392BF9200B37970 /* ifoodTests */ = {
			isa = PBXNativeTarget;
			buildConfigurationList = 99355B402392BF9200B37970 /* Build configuration list for PBXNativeTarget "ifoodTests" */;
			buildPhases = (
				99355B252392BF9200B37970 /* Sources */,
				99355B262392BF9200B37970 /* Frameworks */,
				99355B272392BF9200B37970 /* Resources */,
			);
			buildRules = (
			);
			dependencies = (
				99355B2B2392BF9200B37970 /* PBXTargetDependency */,
			);
			name = ifoodTests;
			productName = ifoodTests;
			productReference = 99355B292392BF9200B37970 /* ifoodTests.xctest */;
			productType = "com.apple.product-type.bundle.unit-test";
		};
		99355B332392BF9200B37970 /* ifoodUITests */ = {
			isa = PBXNativeTarget;
			buildConfigurationList = 99355B432392BF9200B37970 /* Build configuration list for PBXNativeTarget "ifoodUITests" */;
			buildPhases = (
				99355B302392BF9200B37970 /* Sources */,
				99355B312392BF9200B37970 /* Frameworks */,
				99355B322392BF9200B37970 /* Resources */,
			);
			buildRules = (
			);
			dependencies = (
				99355B362392BF9200B37970 /* PBXTargetDependency */,
			);
			name = ifoodUITests;
			productName = ifoodUITests;
			productReference = 99355B342392BF9200B37970 /* ifoodUITests.xctest */;
			productType = "com.apple.product-type.bundle.ui-testing";
		};
/* End PBXNativeTarget section */

/* Begin PBXProject section */
		99355B0B2392BF9000B37970 /* Project object */ = {
			isa = PBXProject;
			attributes = {
				LastSwiftUpdateCheck = 1120;
				LastUpgradeCheck = 1120;
				ORGANIZATIONNAME = "Madhan Rajan";
				TargetAttributes = {
					99355B122392BF9000B37970 = {
						CreatedOnToolsVersion = 11.2.1;
					};
					99355B282392BF9200B37970 = {
						CreatedOnToolsVersion = 11.2.1;
						TestTargetID = 99355B122392BF9000B37970;
					};
					99355B332392BF9200B37970 = {
						CreatedOnToolsVersion = 11.2.1;
						TestTargetID = 99355B122392BF9000B37970;
					};
				};
			};
			buildConfigurationList = 99355B0E2392BF9000B37970 /* Build configuration list for PBXProject "ifood" */;
			compatibilityVersion = "Xcode 9.3";
			developmentRegion = en;
			hasScannedForEncodings = 0;
			knownRegions = (
				en,
				Base,
			);
			mainGroup = 99355B0A2392BF9000B37970;
			productRefGroup = 99355B142392BF9000B37970 /* Products */;
			projectDirPath = "";
			projectRoot = "";
			targets = (
				99355B122392BF9000B37970 /* ifood */,
				99355B282392BF9200B37970 /* ifoodTests */,
				99355B332392BF9200B37970 /* ifoodUITests */,
			);
		};
/* End PBXProject section */

/* Begin PBXResourcesBuildPhase section */
		99355B112392BF9000B37970 /* Resources */ = {
			isa = PBXResourcesBuildPhase;
			buildActionMask = 2147483647;
			files = (
				99355B232392BF9200B37970 /* LaunchScreen.storyboard in Resources */,
				99355B202392BF9200B37970 /* Preview Assets.xcassets in Resources */,
				99355B1D2392BF9200B37970 /* Assets.xcassets in Resources */,
			);
			runOnlyForDeploymentPostprocessing = 0;
		};
		99355B272392BF9200B37970 /* Resources */ = {
			isa = PBXResourcesBuildPhase;
			buildActionMask = 2147483647;
			files = (
			);
			runOnlyForDeploymentPostprocessing = 0;
		};
		99355B322392BF9200B37970 /* Resources */ = {
			isa = PBXResourcesBuildPhase;
			buildActionMask = 2147483647;
			files = (
			);
			runOnlyForDeploymentPostprocessing = 0;
		};
/* End PBXResourcesBuildPhase section */

/* Begin PBXSourcesBuildPhase section */
		99355B0F2392BF9000B37970 /* Sources */ = {
			isa = PBXSourcesBuildPhase;
			buildActionMask = 2147483647;
			files = (
				99355B172392BF9000B37970 /* AppDelegate.swift in Sources */,
				99355B192392BF9000B37970 /* SceneDelegate.swift in Sources */,
				99355B1B2392BF9000B37970 /* ContentView.swift in Sources */,
			);
			runOnlyForDeploymentPostprocessing = 0;
		};
		99355B252392BF9200B37970 /* Sources */ = {
			isa = PBXSourcesBuildPhase;
			buildActionMask = 2147483647;
			files = (
				99355B2E2392BF9200B37970 /* ifoodTests.swift in Sources */,
			);
			runOnlyForDeploymentPostprocessing = 0;
		};
		99355B302392BF9200B37970 /* Sources */ = {
			isa = PBXSourcesBuildPhase;
			buildActionMask = 2147483647;
			files = (
				99355B392392BF9200B37970 /* ifoodUITests.swift in Sources */,
			);
			runOnlyForDeploymentPostprocessing = 0;
		};
/* End PBXSourcesBuildPhase section */

/* Begin PBXTargetDependency section */
		99355B2B2392BF9200B37970 /* PBXTargetDependency */ = {
			isa = PBXTargetDependency;
			target = 99355B122392BF9000B37970 /* ifood */;
			targetProxy = 99355B2A2392BF9200B37970 /* PBXContainerItemProxy */;
		};
		99355B362392BF9200B37970 /* PBXTargetDependency */ = {
			isa = PBXTargetDependency;
			target = 99355B122392BF9000B37970 /* ifood */;
			targetProxy = 99355B352392BF9200B37970 /* PBXContainerItemProxy */;
		};
/* End PBXTargetDependency section */

/* Begin PBXVariantGroup section */
		99355B212392BF9200B37970 /* LaunchScreen.storyboard */ = {
			isa = PBXVariantGroup;
			children = (
				99355B222392BF9200B37970 /* Base */,
			);
			name = LaunchScreen.storyboard;
			sourceTree = "<group>";
		};
/* End PBXVariantGroup section */

/* Begin XCBuildConfiguration section */
		99355B3B2392BF9200B37970 /* Debug */ = {
			isa = XCBuildConfiguration;
			buildSettings = {
				ALWAYS_SEARCH_USER_PATHS = NO;
				CLANG_ANALYZER_NONNULL = YES;
				CLANG_ANALYZER_NUMBER_OBJECT_CONVERSION = YES_AGGRESSIVE;
				CLANG_CXX_LANGUAGE_STANDARD = "gnu++14";
				CLANG_CXX_LIBRARY = "libc++";
				CLANG_ENABLE_MODULES = YES;
				CLANG_ENABLE_OBJC_ARC = YES;
				CLANG_ENABLE_OBJC_WEAK = YES;
				CLANG_WARN_BLOCK_CAPTURE_AUTORELEASING = YES;
				CLANG_WARN_BOOL_CONVERSION = YES;
				CLANG_WARN_COMMA = YES;
				CLANG_WARN_CONSTANT_CONVERSION = YES;
				CLANG_WARN_DEPRECATED_OBJC_IMPLEMENTATIONS = YES;
				CLANG_WARN_DIRECT_OBJC_ISA_USAGE = YES_ERROR;
				CLANG_WARN_DOCUMENTATION_COMMENTS = YES;
				CLANG_WARN_EMPTY_BODY = YES;
				CLANG_WARN_ENUM_CONVERSION = YES;
				CLANG_WARN_INFINITE_RECURSION = YES;
				CLANG_WARN_INT_CONVERSION = YES;
				CLANG_WARN_NON_LITERAL_NULL_CONVERSION = YES;
				CLANG_WARN_OBJC_IMPLICIT_RETAIN_SELF = YES;
				CLANG_WARN_OBJC_LITERAL_CONVERSION = YES;
				CLANG_WARN_OBJC_ROOT_CLASS = YES_ERROR;
				CLANG_WARN_RANGE_LOOP_ANALYSIS = YES;
				CLANG_WARN_STRICT_PROTOTYPES = YES;
				CLANG_WARN_SUSPICIOUS_MOVE = YES;
				CLANG_WARN_UNGUARDED_AVAILABILITY = YES_AGGRESSIVE;
				CLANG_WARN_UNREACHABLE_CODE = YES;
				CLANG_WARN__DUPLICATE_METHOD_MATCH = YES;
				COPY_PHASE_STRIP = NO;
				DEBUG_INFORMATION_FORMAT = dwarf;
				ENABLE_STRICT_OBJC_MSGSEND = YES;
				ENABLE_TESTABILITY = YES;
				GCC_C_LANGUAGE_STANDARD = gnu11;
				GCC_DYNAMIC_NO_PIC = NO;
				GCC_NO_COMMON_BLOCKS = YES;
				GCC_OPTIMIZATION_LEVEL = 0;
				GCC_PREPROCESSOR_DEFINITIONS = (
					"DEBUG=1",
					"$(inherited)",
				);
				GCC_WARN_64_TO_32_BIT_CONVERSION = YES;
				GCC_WARN_ABOUT_RETURN_TYPE = YES_ERROR;
				GCC_WARN_UNDECLARED_SELECTOR = YES;
				GCC_WARN_UNINITIALIZED_AUTOS = YES_AGGRESSIVE;
				GCC_WARN_UNUSED_FUNCTION = YES;
				GCC_WARN_UNUSED_VARIABLE = YES;
				IPHONEOS_DEPLOYMENT_TARGET = 13.2;
				MTL_ENABLE_DEBUG_INFO = INCLUDE_SOURCE;
				MTL_FAST_MATH = YES;
				ONLY_ACTIVE_ARCH = YES;
				SDKROOT = iphoneos;
				SWIFT_ACTIVE_COMPILATION_CONDITIONS = DEBUG;
				SWIFT_OPTIMIZATION_LEVEL = "-Onone";
			};
			name = Debug;
		};
		99355B3C2392BF9200B37970 /* Release */ = {
			isa = XCBuildConfiguration;
			buildSettings = {
				ALWAYS_SEARCH_USER_PATHS = NO;
				CLANG_ANALYZER_NONNULL = YES;
				CLANG_ANALYZER_NUMBER_OBJECT_CONVERSION = YES_AGGRESSIVE;
				CLANG_CXX_LANGUAGE_STANDARD = "gnu++14";
				CLANG_CXX_LIBRARY = "libc++";
				CLANG_ENABLE_MODULES = YES;
				CLANG_ENABLE_OBJC_ARC = YES;
				CLANG_ENABLE_OBJC_WEAK = YES;
				CLANG_WARN_BLOCK_CAPTURE_AUTORELEASING = YES;
				CLANG_WARN_BOOL_CONVERSION = YES;
				CLANG_WARN_COMMA = YES;
				CLANG_WARN_CONSTANT_CONVERSION = YES;
				CLANG_WARN_DEPRECATED_OBJC_IMPLEMENTATIONS = YES;
				CLANG_WARN_DIRECT_OBJC_ISA_USAGE = YES_ERROR;
				CLANG_WARN_DOCUMENTATION_COMMENTS = YES;
				CLANG_WARN_EMPTY_BODY = YES;
				CLANG_WARN_ENUM_CONVERSION = YES;
				CLANG_WARN_INFINITE_RECURSION = YES;
				CLANG_WARN_INT_CONVERSION = YES;
				CLANG_WARN_NON_LITERAL_NULL_CONVERSION = YES;
				CLANG_WARN_OBJC_IMPLICIT_RETAIN_SELF = YES;
				CLANG_WARN_OBJC_LITERAL_CONVERSION = YES;
				CLANG_WARN_OBJC_ROOT_CLASS = YES_ERROR;
				CLANG_WARN_RANGE_LOOP_ANALYSIS = YES;
				CLANG_WARN_STRICT_PROTOTYPES = YES;
				CLANG_WARN_SUSPICIOUS_MOVE = YES;
				CLANG_WARN_UNGUARDED_AVAILABILITY = YES_AGGRESSIVE;
				CLANG_WARN_UNREACHABLE_CODE = YES;
				CLANG_WARN__DUPLICATE_METHOD_MATCH = YES;
				COPY_PHASE_STRIP = NO;
				DEBUG_INFORMATION_FORMAT = "dwarf-with-dsym";
				ENABLE_NS_ASSERTIONS = NO;
				ENABLE_STRICT_OBJC_MSGSEND = YES;
				GCC_C_LANGUAGE_STANDARD = gnu11;
				GCC_NO_COMMON_BLOCKS = YES;
				GCC_WARN_64_TO_32_BIT_CONVERSION = YES;
				GCC_WARN_ABOUT_RETURN_TYPE = YES_ERROR;
				GCC_WARN_UNDECLARED_SELECTOR = YES;
				GCC_WARN_UNINITIALIZED_AUTOS = YES_AGGRESSIVE;
				GCC_WARN_UNUSED_FUNCTION = YES;
				GCC_WARN_UNUSED_VARIABLE = YES;
				IPHONEOS_DEPLOYMENT_TARGET = 13.2;
				MTL_ENABLE_DEBUG_INFO = NO;
				MTL_FAST_MATH = YES;
				SDKROOT = iphoneos;
				SWIFT_COMPILATION_MODE = wholemodule;
				SWIFT_OPTIMIZATION_LEVEL = "-O";
				VALIDATE_PRODUCT = YES;
			};
			name = Release;
		};
		99355B3E2392BF9200B37970 /* Debug */ = {
			isa = XCBuildConfiguration;
			buildSettings = {
				ASSETCATALOG_COMPILER_APPICON_NAME = AppIcon;
				CODE_SIGN_STYLE = Automatic;
				DEVELOPMENT_ASSET_PATHS = "\"ifood/Preview Content\"";
				DEVELOPMENT_TEAM = 5RUYXVQGMP;
				ENABLE_PREVIEWS = YES;
				INFOPLIST_FILE = ifood/Info.plist;
				LD_RUNPATH_SEARCH_PATHS = (
					"$(inherited)",
					"@executable_path/Frameworks",
				);
				PRODUCT_BUNDLE_IDENTIFIER = madhanapp.ifood;
				PRODUCT_NAME = "$(TARGET_NAME)";
				SWIFT_VERSION = 5.0;
				TARGETED_DEVICE_FAMILY = "1,2";
			};
			name = Debug;
		};
		99355B3F2392BF9200B37970 /* Release */ = {
			isa = XCBuildConfiguration;
			buildSettings = {
				ASSETCATALOG_COMPILER_APPICON_NAME = AppIcon;
				CODE_SIGN_STYLE = Automatic;
				DEVELOPMENT_ASSET_PATHS = "\"ifood/Preview Content\"";
				DEVELOPMENT_TEAM = 5RUYXVQGMP;
				ENABLE_PREVIEWS = YES;
				INFOPLIST_FILE = ifood/Info.plist;
				LD_RUNPATH_SEARCH_PATHS = (
					"$(inherited)",
					"@executable_path/Frameworks",
				);
				PRODUCT_BUNDLE_IDENTIFIER = madhanapp.ifood;
				PRODUCT_NAME = "$(TARGET_NAME)";
				SWIFT_VERSION = 5.0;
				TARGETED_DEVICE_FAMILY = "1,2";
			};
			name = Release;
		};
		99355B412392BF9200B37970 /* Debug */ = {
			isa = XCBuildConfiguration;
			buildSettings = {
				ALWAYS_EMBED_SWIFT_STANDARD_LIBRARIES = YES;
				BUNDLE_LOADER = "$(TEST_HOST)";
				CODE_SIGN_STYLE = Automatic;
				DEVELOPMENT_TEAM = 5RUYXVQGMP;
				INFOPLIST_FILE = ifoodTests/Info.plist;
				IPHONEOS_DEPLOYMENT_TARGET = 13.2;
				LD_RUNPATH_SEARCH_PATHS = (
					"$(inherited)",
					"@executable_path/Frameworks",
					"@loader_path/Frameworks",
				);
				PRODUCT_BUNDLE_IDENTIFIER = madhanapp.ifoodTests;
				PRODUCT_NAME = "$(TARGET_NAME)";
				SWIFT_VERSION = 5.0;
				TARGETED_DEVICE_FAMILY = "1,2";
				TEST_HOST = "$(BUILT_PRODUCTS_DIR)/ifood.app/ifood";
			};
			name = Debug;
		};
		99355B422392BF9200B37970 /* Release */ = {
			isa = XCBuildConfiguration;
			buildSettings = {
				ALWAYS_EMBED_SWIFT_STANDARD_LIBRARIES = YES;
				BUNDLE_LOADER = "$(TEST_HOST)";
				CODE_SIGN_STYLE = Automatic;
				DEVELOPMENT_TEAM = 5RUYXVQGMP;
				INFOPLIST_FILE = ifoodTests/Info.plist;
				IPHONEOS_DEPLOYMENT_TARGET = 13.2;
				LD_RUNPATH_SEARCH_PATHS = (
					"$(inherited)",
					"@executable_path/Frameworks",
					"@loader_path/Frameworks",
				);
				PRODUCT_BUNDLE_IDENTIFIER = madhanapp.ifoodTests;
				PRODUCT_NAME = "$(TARGET_NAME)";
				SWIFT_VERSION = 5.0;
				TARGETED_DEVICE_FAMILY = "1,2";
				TEST_HOST = "$(BUILT_PRODUCTS_DIR)/ifood.app/ifood";
			};
			name = Release;
		};
		99355B442392BF9200B37970 /* Debug */ = {
			isa = XCBuildConfiguration;
			buildSettings = {
				ALWAYS_EMBED_SWIFT_STANDARD_LIBRARIES = YES;
				CODE_SIGN_STYLE = Automatic;
				DEVELOPMENT_TEAM = 5RUYXVQGMP;
				INFOPLIST_FILE = ifoodUITests/Info.plist;
				LD_RUNPATH_SEARCH_PATHS = (
					"$(inherited)",
					"@executable_path/Frameworks",
					"@loader_path/Frameworks",
				);
				PRODUCT_BUNDLE_IDENTIFIER = madhanapp.ifoodUITests;
				PRODUCT_NAME = "$(TARGET_NAME)";
				SWIFT_VERSION = 5.0;
				TARGETED_DEVICE_FAMILY = "1,2";
				TEST_TARGET_NAME = ifood;
			};
			name = Debug;
		};
		99355B452392BF9200B37970 /* Release */ = {
			isa = XCBuildConfiguration;
			buildSettings = {
				ALWAYS_EMBED_SWIFT_STANDARD_LIBRARIES = YES;
				CODE_SIGN_STYLE = Automatic;
				DEVELOPMENT_TEAM = 5RUYXVQGMP;
				INFOPLIST_FILE = ifoodUITests/Info.plist;
				LD_RUNPATH_SEARCH_PATHS = (
					"$(inherited)",
					"@executable_path/Frameworks",
					"@loader_path/Frameworks",
				);
				PRODUCT_BUNDLE_IDENTIFIER = madhanapp.ifoodUITests;
				PRODUCT_NAME = "$(TARGET_NAME)";
				SWIFT_VERSION = 5.0;
				TARGETED_DEVICE_FAMILY = "1,2";
				TEST_TARGET_NAME = ifood;
			};
			name = Release;
		};
/* End XCBuildConfiguration section */

/* Begin XCConfigurationList section */
		99355B0E2392BF9000B37970 /* Build configuration list for PBXProject "ifood" */ = {
			isa = XCConfigurationList;
			buildConfigurations = (
				99355B3B2392BF9200B37970 /* Debug */,
				99355B3C2392BF9200B37970 /* Release */,
			);
			defaultConfigurationIsVisible = 0;
			defaultConfigurationName = Release;
		};
		99355B3D2392BF9200B37970 /* Build configuration list for PBXNativeTarget "ifood" */ = {
			isa = XCConfigurationList;
			buildConfigurations = (
				99355B3E2392BF9200B37970 /* Debug */,
				99355B3F2392BF9200B37970 /* Release */,
			);
			defaultConfigurationIsVisible = 0;
			defaultConfigurationName = Release;
		};
		99355B402392BF9200B37970 /* Build configuration list for PBXNativeTarget "ifoodTests" */ = {
			isa = XCConfigurationList;
			buildConfigurations = (
				99355B412392BF9200B37970 /* Debug */,
				99355B422392BF9200B37970 /* Release */,
			);
			defaultConfigurationIsVisible = 0;
			defaultConfigurationName = Release;
		};
		99355B432392BF9200B37970 /* Build configuration list for PBXNativeTarget "ifoodUITests" */ = {
			isa = XCConfigurationList;
			buildConfigurations = (
				99355B442392BF9200B37970 /* Debug */,
				99355B452392BF9200B37970 /* Release */,
			);
			defaultConfigurationIsVisible = 0;
			defaultConfigurationName = Release;
		};
/* End XCConfigurationList section */
	};
	rootObject = 99355B0B2392BF9000B37970 /* Project object */;
}
